{
  "name": "quokka-currency-table",
  "lockfileVersion": 3,
  "requires": true,
  "packages": {
    "": {
      "name": "quokka-currency-table",
      "dependencies": {
        "cldr-core": "48.2.0",
        "cldr-numbers-full": "48.2.0"
      }
    },
    "node_modules/cldr-core": {
      "version": "48.2.0",
      "resolved": "https://registry.npmjs.org/cldr-core/-/cldr-core-48.2.0.tgz",
      "integrity": "sha512-zfmLothncSwfv2jlevoSrgI2VGgH8SDGHXst6jUEotHA8nq9Igeg9jzdJDFtBso9pgJuG89DK16TzrmZDdo2Bg==",
      "license": "Unicode-3.0"
    },
    "node_modules/cldr-numbers-full": {
      "version": "48.2.0",
      "resolved": "https://registry.npmjs.org/cldr-numbers-full/-/cldr-numbers-full-48.2.0.tgz",
      "integrity": "sha512-0EQ+UkVDsyXOlxnWnL1RIENVZFqCnb04D1Yrku0obnOyttbuZz8tHmUd5c5AEvhGS/Gg2zI4fTaCm51LSGITog==",
      "license": "Unicode-3.0",
      "peerDependencies": {
        "cldr-core": "48.2.0"
      }
    }
  }
}
